
Microsoft Visual Studio Solution File, Format Version 12.00
# Visual Studio Version 17
VisualStudioVersion = 17.0.31912.275
MinimumVisualStudioVersion = 10.0.40219.1
Project("{2150E333-8FDC-42A3-9474-1A3956D46DE8}") = "Infrastructure", "Infrastructure", "{12A374A6-EB96-431B-8474-1C70B2D175A4}"
EndProject
Project("{2150E333-8FDC-42A3-9474-1A3956D46DE8}") = "Data", "Data", "{AD94BFBC-CDF8-4818-B6DF-77EF6528980B}"
EndProject
Project("{2150E333-8FDC-42A3-9474-1A3956D46DE8}") = "Domain", "Domain", "{32922D8B-2B48-4677-8223-57CC40BFC665}"
EndProject
Project("{2150E333-8FDC-42A3-9474-1A3956D46DE8}") = "Solution Items", "Solution Items", "{4A5B0408-F952-457C-A935-A9FD0AAA189A}"
	ProjectSection(SolutionItems) = preProject
		.editorconfig = .editorconfig
	EndProjectSection
EndProject
Project("{2150E333-8FDC-42A3-9474-1A3956D46DE8}") = "Logging", "Logging", "{6C9D957A-88CF-4906-8AF7-707CFBBF926D}"
EndProject
Project("{2150E333-8FDC-42A3-9474-1A3956D46DE8}") = "Network", "Network", "{E1275E8F-49D0-4616-B8F1-E2C99BF12C4C}"
EndProject
Project("{2150E333-8FDC-42A3-9474-1A3956D46DE8}") = "Specifications", "Specifications", "{40AD4B5E-97FE-4FB8-93DC-5BF99D8FCD5D}"
EndProject
Project("{2150E333-8FDC-42A3-9474-1A3956D46DE8}") = "Http", "Http", "{00358296-F593-4B91-AC2C-1359F33900D8}"
EndProject
Project("{2150E333-8FDC-42A3-9474-1A3956D46DE8}") = "Websocket", "Websocket", "{4DB153B6-1D58-41F3-AC61-41E0399EA816}"
EndProject
Project("{2150E333-8FDC-42A3-9474-1A3956D46DE8}") = "SignalR", "SignalR", "{4399DEC4-F10A-4D17-A331-E29664635CEB}"
EndProject
Project("{9A19103F-16F7-4668-BE54-9A1E7A4F7556}") = "ScalaWay.Utils", "ScalaWay.Utils\ScalaWay.Utils.csproj", "{9280D719-B947-4429-80D0-085E9E565F9C}"
EndProject
Project("{9A19103F-16F7-4668-BE54-9A1E7A4F7556}") = "ScalaWay.Specification", "ScalaWay.Specification\ScalaWay.Specification.csproj", "{E6193535-E65F-4BD8-A114-CEB7AC52FA01}"
EndProject
Project("{9A19103F-16F7-4668-BE54-9A1E7A4F7556}") = "ScalaWay.Specification.EntityFrameworkCore", "ScalaWay.Specification.EntityFrameworkCore\ScalaWay.Specification.EntityFrameworkCore.csproj", "{4C20AA24-BAAD-4501-918E-F124AB40B39A}"
EndProject
Project("{9A19103F-16F7-4668-BE54-9A1E7A4F7556}") = "ScalaWay.Net.Shared", "ScalaWay.Net.Shared\ScalaWay.Net.Shared.csproj", "{C1DE08E5-4CBF-447C-A158-F6C1E677D31C}"
EndProject
Project("{9A19103F-16F7-4668-BE54-9A1E7A4F7556}") = "ScalaWay.Net.Http.Abstractions", "ScalaWay.Net.Http.Abstractions\ScalaWay.Net.Http.Abstractions.csproj", "{59D0FE22-B62C-455E-9F66-15006F63228C}"
EndProject
Project("{9A19103F-16F7-4668-BE54-9A1E7A4F7556}") = "ScalaWay.Net.Http", "ScalaWay.Net.Http\ScalaWay.Net.Http.csproj", "{CD6012B6-F79C-4A4B-9F74-8C72AE319940}"
EndProject
Project("{9A19103F-16F7-4668-BE54-9A1E7A4F7556}") = "ScalaWay.Net.Abstractions", "ScalaWay.Net.Abstractions\ScalaWay.Net.Abstractions.csproj", "{F137E0DA-FBE4-4214-B457-87853549D105}"
EndProject
Project("{9A19103F-16F7-4668-BE54-9A1E7A4F7556}") = "ScalaWay.Net.SignalR.Abstractions", "ScalaWay.Net.SignalR.Abstractions\ScalaWay.Net.SignalR.Abstractions.csproj", "{6FC0DDD3-1B83-40A3-B111-7BFDA5C54A75}"
EndProject
Project("{9A19103F-16F7-4668-BE54-9A1E7A4F7556}") = "ScalaWay.Net.Websocket.Abstractions", "ScalaWay.Net.Websocket.Abstractions\ScalaWay.Net.Websocket.Abstractions.csproj", "{318A9552-4DE6-4B2B-8342-E7577A881A1A}"
EndProject
Project("{9A19103F-16F7-4668-BE54-9A1E7A4F7556}") = "ScalaWay.Logging.Serilog", "ScalaWay.Logging.Serilog\ScalaWay.Logging.Serilog.csproj", "{F9B0BA0E-ADD8-4A26-869C-83490F45FB36}"
EndProject
Project("{9A19103F-16F7-4668-BE54-9A1E7A4F7556}") = "ScalaWay.Domain.Abstractions", "ScalaWay.Domain.Abstractions\ScalaWay.Domain.Abstractions.csproj", "{3E5E8E64-E3FA-4928-BB23-46BEAE999C43}"
EndProject
Project("{9A19103F-16F7-4668-BE54-9A1E7A4F7556}") = "ScalaWay.Domain.Core", "ScalaWay.Domain.Core\ScalaWay.Domain.Core.csproj", "{090EB743-370A-41D3-B942-2202F87BF4F2}"
EndProject
Project("{9A19103F-16F7-4668-BE54-9A1E7A4F7556}") = "ScalaWay.Data.Abstractions", "ScalaWay.Data.Abstractions\ScalaWay.Data.Abstractions.csproj", "{E5CDBC80-D52B-410B-9595-FEBE2116171B}"
EndProject
Project("{9A19103F-16F7-4668-BE54-9A1E7A4F7556}") = "ScalaWay.EntityFrameworkCore", "ScalaWay.EntityFrameworkCore\ScalaWay.EntityFrameworkCore.csproj", "{069E952A-4DF3-44D4-9302-A3CFEF89F345}"
EndProject
Global
	GlobalSection(SolutionConfigurationPlatforms) = preSolution
		Debug|Any CPU = Debug|Any CPU
		Release|Any CPU = Release|Any CPU
	EndGlobalSection
	GlobalSection(ProjectConfigurationPlatforms) = postSolution
		{9280D719-B947-4429-80D0-085E9E565F9C}.Debug|Any CPU.ActiveCfg = Debug|Any CPU
		{9280D719-B947-4429-80D0-085E9E565F9C}.Debug|Any CPU.Build.0 = Debug|Any CPU
		{9280D719-B947-4429-80D0-085E9E565F9C}.Release|Any CPU.ActiveCfg = Release|Any CPU
		{9280D719-B947-4429-80D0-085E9E565F9C}.Release|Any CPU.Build.0 = Release|Any CPU
		{E6193535-E65F-4BD8-A114-CEB7AC52FA01}.Debug|Any CPU.ActiveCfg = Debug|Any CPU
		{E6193535-E65F-4BD8-A114-CEB7AC52FA01}.Debug|Any CPU.Build.0 = Debug|Any CPU
		{E6193535-E65F-4BD8-A114-CEB7AC52FA01}.Release|Any CPU.ActiveCfg = Release|Any CPU
		{E6193535-E65F-4BD8-A114-CEB7AC52FA01}.Release|Any CPU.Build.0 = Release|Any CPU
		{4C20AA24-BAAD-4501-918E-F124AB40B39A}.Debug|Any CPU.ActiveCfg = Debug|Any CPU
		{4C20AA24-BAAD-4501-918E-F124AB40B39A}.Debug|Any CPU.Build.0 = Debug|Any CPU
		{4C20AA24-BAAD-4501-918E-F124AB40B39A}.Release|Any CPU.ActiveCfg = Release|Any CPU
		{4C20AA24-BAAD-4501-918E-F124AB40B39A}.Release|Any CPU.Build.0 = Release|Any CPU
		{C1DE08E5-4CBF-447C-A158-F6C1E677D31C}.Debug|Any CPU.ActiveCfg = Debug|Any CPU
		{C1DE08E5-4CBF-447C-A158-F6C1E677D31C}.Debug|Any CPU.Build.0 = Debug|Any CPU
		{C1DE08E5-4CBF-447C-A158-F6C1E677D31C}.Release|Any CPU.ActiveCfg = Release|Any CPU
		{C1DE08E5-4CBF-447C-A158-F6C1E677D31C}.Release|Any CPU.Build.0 = Release|Any CPU
		{59D0FE22-B62C-455E-9F66-15006F63228C}.Debug|Any CPU.ActiveCfg = Debug|Any CPU
		{59D0FE22-B62C-455E-9F66-15006F63228C}.Debug|Any CPU.Build.0 = Debug|Any CPU
		{59D0FE22-B62C-455E-9F66-15006F63228C}.Release|Any CPU.ActiveCfg = Release|Any CPU
		{59D0FE22-B62C-455E-9F66-15006F63228C}.Release|Any CPU.Build.0 = Release|Any CPU
		{CD6012B6-F79C-4A4B-9F74-8C72AE319940}.Debug|Any CPU.ActiveCfg = Debug|Any CPU
		{CD6012B6-F79C-4A4B-9F74-8C72AE319940}.Debug|Any CPU.Build.0 = Debug|Any CPU
		{CD6012B6-F79C-4A4B-9F74-8C72AE319940}.Release|Any CPU.ActiveCfg = Release|Any CPU
		{CD6012B6-F79C-4A4B-9F74-8C72AE319940}.Release|Any CPU.Build.0 = Release|Any CPU
		{F137E0DA-FBE4-4214-B457-87853549D105}.Debug|Any CPU.ActiveCfg = Debug|Any CPU
		{F137E0DA-FBE4-4214-B457-87853549D105}.Debug|Any CPU.Build.0 = Debug|Any CPU
		{F137E0DA-FBE4-4214-B457-87853549D105}.Release|Any CPU.ActiveCfg = Release|Any CPU
		{F137E0DA-FBE4-4214-B457-87853549D105}.Release|Any CPU.Build.0 = Release|Any CPU
		{6FC0DDD3-1B83-40A3-B111-7BFDA5C54A75}.Debug|Any CPU.ActiveCfg = Debug|Any CPU
		{6FC0DDD3-1B83-40A3-B111-7BFDA5C54A75}.Debug|Any CPU.Build.0 = Debug|Any CPU
		{6FC0DDD3-1B83-40A3-B111-7BFDA5C54A75}.Release|Any CPU.ActiveCfg = Release|Any CPU
		{6FC0DDD3-1B83-40A3-B111-7BFDA5C54A75}.Release|Any CPU.Build.0 = Release|Any CPU
		{318A9552-4DE6-4B2B-8342-E7577A881A1A}.Debug|Any CPU.ActiveCfg = Debug|Any CPU
		{318A9552-4DE6-4B2B-8342-E7577A881A1A}.Debug|Any CPU.Build.0 = Debug|Any CPU
		{318A9552-4DE6-4B2B-8342-E7577A881A1A}.Release|Any CPU.ActiveCfg = Release|Any CPU
		{318A9552-4DE6-4B2B-8342-E7577A881A1A}.Release|Any CPU.Build.0 = Release|Any CPU
		{F9B0BA0E-ADD8-4A26-869C-83490F45FB36}.Debug|Any CPU.ActiveCfg = Debug|Any CPU
		{F9B0BA0E-ADD8-4A26-869C-83490F45FB36}.Debug|Any CPU.Build.0 = Debug|Any CPU
		{F9B0BA0E-ADD8-4A26-869C-83490F45FB36}.Release|Any CPU.ActiveCfg = Release|Any CPU
		{F9B0BA0E-ADD8-4A26-869C-83490F45FB36}.Release|Any CPU.Build.0 = Release|Any CPU
		{3E5E8E64-E3FA-4928-BB23-46BEAE999C43}.Debug|Any CPU.ActiveCfg = Debug|Any CPU
		{3E5E8E64-E3FA-4928-BB23-46BEAE999C43}.Debug|Any CPU.Build.0 = Debug|Any CPU
		{3E5E8E64-E3FA-4928-BB23-46BEAE999C43}.Release|Any CPU.ActiveCfg = Release|Any CPU
		{3E5E8E64-E3FA-4928-BB23-46BEAE999C43}.Release|Any CPU.Build.0 = Release|Any CPU
		{090EB743-370A-41D3-B942-2202F87BF4F2}.Debug|Any CPU.ActiveCfg = Debug|Any CPU
		{090EB743-370A-41D3-B942-2202F87BF4F2}.Debug|Any CPU.Build.0 = Debug|Any CPU
		{090EB743-370A-41D3-B942-2202F87BF4F2}.Release|Any CPU.ActiveCfg = Release|Any CPU
		{090EB743-370A-41D3-B942-2202F87BF4F2}.Release|Any CPU.Build.0 = Release|Any CPU
		{E5CDBC80-D52B-410B-9595-FEBE2116171B}.Debug|Any CPU.ActiveCfg = Debug|Any CPU
		{E5CDBC80-D52B-410B-9595-FEBE2116171B}.Debug|Any CPU.Build.0 = Debug|Any CPU
		{E5CDBC80-D52B-410B-9595-FEBE2116171B}.Release|Any CPU.ActiveCfg = Release|Any CPU
		{E5CDBC80-D52B-410B-9595-FEBE2116171B}.Release|Any CPU.Build.0 = Release|Any CPU
		{069E952A-4DF3-44D4-9302-A3CFEF89F345}.Debug|Any CPU.ActiveCfg = Debug|Any CPU
		{069E952A-4DF3-44D4-9302-A3CFEF89F345}.Debug|Any CPU.Build.0 = Debug|Any CPU
		{069E952A-4DF3-44D4-9302-A3CFEF89F345}.Release|Any CPU.ActiveCfg = Release|Any CPU
		{069E952A-4DF3-44D4-9302-A3CFEF89F345}.Release|Any CPU.Build.0 = Release|Any CPU
	EndGlobalSection
	GlobalSection(SolutionProperties) = preSolution
		HideSolutionNode = FALSE
	EndGlobalSection
	GlobalSection(NestedProjects) = preSolution
		{6C9D957A-88CF-4906-8AF7-707CFBBF926D} = {12A374A6-EB96-431B-8474-1C70B2D175A4}
		{E1275E8F-49D0-4616-B8F1-E2C99BF12C4C} = {12A374A6-EB96-431B-8474-1C70B2D175A4}
		{40AD4B5E-97FE-4FB8-93DC-5BF99D8FCD5D} = {12A374A6-EB96-431B-8474-1C70B2D175A4}
		{00358296-F593-4B91-AC2C-1359F33900D8} = {E1275E8F-49D0-4616-B8F1-E2C99BF12C4C}
		{4DB153B6-1D58-41F3-AC61-41E0399EA816} = {E1275E8F-49D0-4616-B8F1-E2C99BF12C4C}
		{4399DEC4-F10A-4D17-A331-E29664635CEB} = {E1275E8F-49D0-4616-B8F1-E2C99BF12C4C}
		{9280D719-B947-4429-80D0-085E9E565F9C} = {12A374A6-EB96-431B-8474-1C70B2D175A4}
		{E6193535-E65F-4BD8-A114-CEB7AC52FA01} = {40AD4B5E-97FE-4FB8-93DC-5BF99D8FCD5D}
		{4C20AA24-BAAD-4501-918E-F124AB40B39A} = {40AD4B5E-97FE-4FB8-93DC-5BF99D8FCD5D}
		{C1DE08E5-4CBF-447C-A158-F6C1E677D31C} = {E1275E8F-49D0-4616-B8F1-E2C99BF12C4C}
		{59D0FE22-B62C-455E-9F66-15006F63228C} = {00358296-F593-4B91-AC2C-1359F33900D8}
		{CD6012B6-F79C-4A4B-9F74-8C72AE319940} = {00358296-F593-4B91-AC2C-1359F33900D8}
		{F137E0DA-FBE4-4214-B457-87853549D105} = {E1275E8F-49D0-4616-B8F1-E2C99BF12C4C}
		{6FC0DDD3-1B83-40A3-B111-7BFDA5C54A75} = {4399DEC4-F10A-4D17-A331-E29664635CEB}
		{318A9552-4DE6-4B2B-8342-E7577A881A1A} = {4DB153B6-1D58-41F3-AC61-41E0399EA816}
		{F9B0BA0E-ADD8-4A26-869C-83490F45FB36} = {6C9D957A-88CF-4906-8AF7-707CFBBF926D}
		{3E5E8E64-E3FA-4928-BB23-46BEAE999C43} = {32922D8B-2B48-4677-8223-57CC40BFC665}
		{090EB743-370A-41D3-B942-2202F87BF4F2} = {32922D8B-2B48-4677-8223-57CC40BFC665}
		{E5CDBC80-D52B-410B-9595-FEBE2116171B} = {AD94BFBC-CDF8-4818-B6DF-77EF6528980B}
		{069E952A-4DF3-44D4-9302-A3CFEF89F345} = {AD94BFBC-CDF8-4818-B6DF-77EF6528980B}
	EndGlobalSection
	GlobalSection(ExtensibilityGlobals) = postSolution
		SolutionGuid = {216C2CC1-A40C-4FA0-91E5-807ADC659812}
	EndGlobalSection
EndGlobal
